// !$*UTF8*$!
{
	archiveVersion = 1;
	classes = {
	};
	objectVersion = 55;
	objects = {

/* Begin PBXBuildFile section */
		70133BCF28DB39C200D44660 /* BackgroundColorHelper.swift in Sources */ = {isa = PBXBuildFile; fileRef = 70133BCE28DB39C200D44660 /* BackgroundColorHelper.swift */; };
		70133BD128DB3A9800D44660 /* Extensions.swift in Sources */ = {isa = PBXBuildFile; fileRef = 70133BD028DB3A9800D44660 /* Extensions.swift */; };
		701E1F9D28D20B2200AD8AE7 /* CoreDataManager.swift in Sources */ = {isa = PBXBuildFile; fileRef = 701E1F9C28D20B2200AD8AE7 /* CoreDataManager.swift */; };
		7095435628CA29DD0030055A /* AppDelegate.swift in Sources */ = {isa = PBXBuildFile; fileRef = 7095435528CA29DD0030055A /* AppDelegate.swift */; };
		7095435828CA29DD0030055A /* SceneDelegate.swift in Sources */ = {isa = PBXBuildFile; fileRef = 7095435728CA29DD0030055A /* SceneDelegate.swift */; };
		7095435A28CA29DD0030055A /* ViewController.swift in Sources */ = {isa = PBXBuildFile; fileRef = 7095435928CA29DD0030055A /* ViewController.swift */; };
		7095435D28CA29DD0030055A /* Main.storyboard in Resources */ = {isa = PBXBuildFile; fileRef = 7095435B28CA29DD0030055A /* Main.storyboard */; };
		7095436028CA29DD0030055A /* TodoList.xcdatamodeld in Sources */ = {isa = PBXBuildFile; fileRef = 7095435E28CA29DD0030055A /* TodoList.xcdatamodeld */; };
		7095436228CA29DE0030055A /* Assets.xcassets in Resources */ = {isa = PBXBuildFile; fileRef = 7095436128CA29DE0030055A /* Assets.xcassets */; };
		7095436528CA29DE0030055A /* LaunchScreen.storyboard in Resources */ = {isa = PBXBuildFile; fileRef = 7095436328CA29DE0030055A /* LaunchScreen.storyboard */; };
		7095437328CA2BF20030055A /* MemoDataModel+CoreDataClass.swift in Sources */ = {isa = PBXBuildFile; fileRef = 7095437128CA2BF20030055A /* MemoDataModel+CoreDataClass.swift */; };
		7095437428CA2BF20030055A /* MemoDataModel+CoreDataProperties.swift in Sources */ = {isa = PBXBuildFile; fileRef = 7095437228CA2BF20030055A /* MemoDataModel+CoreDataProperties.swift */; };
		70D6A4B028CCBAFC00499DE9 /* MemoViewController.swift in Sources */ = {isa = PBXBuildFile; fileRef = 70D6A4AF28CCBAFC00499DE9 /* MemoViewController.swift */; };
		70D6A4B228CCBD1500499DE9 /* TodoCell.swift in Sources */ = {isa = PBXBuildFile; fileRef = 70D6A4B128CCBD1500499DE9 /* TodoCell.swift */; };
/* End PBXBuildFile section */

/* Begin PBXFileReference section */
		70133BCE28DB39C200D44660 /* BackgroundColorHelper.swift */ = {isa = PBXFileReference; lastKnownFileType = sourcecode.swift; path = BackgroundColorHelper.swift; sourceTree = "<group>"; };
		70133BD028DB3A9800D44660 /* Extensions.swift */ = {isa = PBXFileReference; lastKnownFileType = sourcecode.swift; path = Extensions.swift; sourceTree = "<group>"; };
		701E1F9C28D20B2200AD8AE7 /* CoreDataManager.swift */ = {isa = PBXFileReference; lastKnownFileType = sourcecode.swift; path = CoreDataManager.swift; sourceTree = "<group>"; };
		7095435228CA29DD0030055A /* TodoList.app */ = {isa = PBXFileReference; explicitFileType = wrapper.application; includeInIndex = 0; path = TodoList.app; sourceTree = BUILT_PRODUCTS_DIR; };
		7095435528CA29DD0030055A /* AppDelegate.swift */ = {isa = PBXFileReference; lastKnownFileType = sourcecode.swift; path = AppDelegate.swift; sourceTree = "<group>"; };
		7095435728CA29DD0030055A /* SceneDelegate.swift */ = {isa = PBXFileReference; lastKnownFileType = sourcecode.swift; path = SceneDelegate.swift; sourceTree = "<group>"; };
		7095435928CA29DD0030055A /* ViewController.swift */ = {isa = PBXFileReference; lastKnownFileType = sourcecode.swift; path = ViewController.swift; sourceTree = "<group>"; };
		7095435C28CA29DD0030055A /* Base */ = {isa = PBXFileReference; lastKnownFileType = file.storyboard; name = Base; path = Base.lproj/Main.storyboard; sourceTree = "<group>"; };
		7095435F28CA29DD0030055A /* TodoList.xcdatamodel */ = {isa = PBXFileReference; lastKnownFileType = wrapper.xcdatamodel; path = TodoList.xcdatamodel; sourceTree = "<group>"; };
		7095436128CA29DE0030055A /* Assets.xcassets */ = {isa = PBXFileReference; lastKnownFileType = folder.assetcatalog; path = Assets.xcassets; sourceTree = "<group>"; };
		7095436428CA29DE0030055A /* Base */ = {isa = PBXFileReference; lastKnownFileType = file.storyboard; name = Base; path = Base.lproj/LaunchScreen.storyboard; sourceTree = "<group>"; };
		7095436628CA29DE0030055A /* Info.plist */ = {isa = PBXFileReference; lastKnownFileType = text.plist.xml; path = Info.plist; sourceTree = "<group>"; };
		7095437128CA2BF20030055A /* MemoDataModel+CoreDataClass.swift */ = {isa = PBXFileReference; lastKnownFileType = sourcecode.swift; path = "MemoDataModel+CoreDataClass.swift"; sourceTree = "<group>"; };
		7095437228CA2BF20030055A /* MemoDataModel+CoreDataProperties.swift */ = {isa = PBXFileReference; lastKnownFileType = sourcecode.swift; path = "MemoDataModel+CoreDataProperties.swift"; sourceTree = "<group>"; };
		70D6A4AF28CCBAFC00499DE9 /* MemoViewController.swift */ = {isa = PBXFileReference; lastKnownFileType = sourcecode.swift; path = MemoViewController.swift; sourceTree = "<group>"; };
		70D6A4B128CCBD1500499DE9 /* TodoCell.swift */ = {isa = PBXFileReference; lastKnownFileType = sourcecode.swift; path = TodoCell.swift; sourceTree = "<group>"; };
/* End PBXFileReference section */

/* Begin PBXFrameworksBuildPhase section */
		7095434F28CA29DD0030055A /* Frameworks */ = {
			isa = PBXFrameworksBuildPhase;
			buildActionMask = 2147483647;
			files = (
			);
			runOnlyForDeploymentPostprocessing = 0;
		};
/* End PBXFrameworksBuildPhase section */

/* Begin PBXGroup section */
		70133BCC28DB39A700D44660 /* CoreData */ = {
			isa = PBXGroup;
			children = (
				7095435E28CA29DD0030055A /* TodoList.xcdatamodeld */,
				7095437128CA2BF20030055A /* MemoDataModel+CoreDataClass.swift */,
				7095437228CA2BF20030055A /* MemoDataModel+CoreDataProperties.swift */,
				701E1F9C28D20B2200AD8AE7 /* CoreDataManager.swift */,
			);
			path = CoreData;
			sourceTree = "<group>";
		};
		70133BCD28DB39B200D44660 /* Helpers */ = {
			isa = PBXGroup;
			children = (
				70133BCE28DB39C200D44660 /* BackgroundColorHelper.swift */,
				70133BD028DB3A9800D44660 /* Extensions.swift */,
			);
			path = Helpers;
			sourceTree = "<group>";
		};
		7095434928CA29DD0030055A = {
			isa = PBXGroup;
			children = (
				7095435428CA29DD0030055A /* TodoList */,
				7095435328CA29DD0030055A /* Products */,
			);
			sourceTree = "<group>";
		};
		7095435328CA29DD0030055A /* Products */ = {
			isa = PBXGroup;
			children = (
				7095435228CA29DD0030055A /* TodoList.app */,
			);
			name = Products;
			sourceTree = "<group>";
		};
		7095435428CA29DD0030055A /* TodoList */ = {
			isa = PBXGroup;
			children = (
				7095435528CA29DD0030055A /* AppDelegate.swift */,
				7095435728CA29DD0030055A /* SceneDelegate.swift */,
				70133BCD28DB39B200D44660 /* Helpers */,
				7095436C28CA2AAA0030055A /* Model */,
				7095436D28CA2AAC0030055A /* View */,
				7095436E28CA2AB20030055A /* Controllers */,
				7095435B28CA29DD0030055A /* Main.storyboard */,
				7095436128CA29DE0030055A /* Assets.xcassets */,
				7095436328CA29DE0030055A /* LaunchScreen.storyboard */,
				7095436628CA29DE0030055A /* Info.plist */,
			);
			path = TodoList;
			sourceTree = "<group>";
		};
		7095436C28CA2AAA0030055A /* Model */ = {
			isa = PBXGroup;
			children = (
				70133BCC28DB39A700D44660 /* CoreData */,
			);
			path = Model;
			sourceTree = "<group>";
		};
		7095436D28CA2AAC0030055A /* View */ = {
			isa = PBXGroup;
			children = (
				70D6A4B128CCBD1500499DE9 /* TodoCell.swift */,
			);
			path = View;
			sourceTree = "<group>";
		};
		7095436E28CA2AB20030055A /* Controllers */ = {
			isa = PBXGroup;
			children = (
				7095435928CA29DD0030055A /* ViewController.swift */,
				70D6A4AF28CCBAFC00499DE9 /* MemoViewController.swift */,
			);
			path = Controllers;
			sourceTree = "<group>";
		};
/* End PBXGroup section */

/* Begin PBXNativeTarget section */
		7095435128CA29DD0030055A /* TodoList */ = {
			isa = PBXNativeTarget;
			buildConfigurationList = 7095436928CA29DE0030055A /* Build configuration list for PBXNativeTarget "TodoList" */;
			buildPhases = (
				7095434E28CA29DD0030055A /* Sources */,
				7095434F28CA29DD0030055A /* Frameworks */,
				7095435028CA29DD0030055A /* Resources */,
			);
			buildRules = (
			);
			dependencies = (
			);
			name = TodoList;
			productName = TodoList;
			productReference = 7095435228CA29DD0030055A /* TodoList.app */;
			productType = "com.apple.product-type.application";
		};
/* End PBXNativeTarget section */

/* Begin PBXProject section */
		7095434A28CA29DD0030055A /* Project object */ = {
			isa = PBXProject;
			attributes = {
				BuildIndependentTargetsInParallel = 1;
				LastSwiftUpdateCheck = 1340;
				LastUpgradeCheck = 1340;
				TargetAttributes = {
					7095435128CA29DD0030055A = {
						CreatedOnToolsVersion = 13.4.1;
					};
				};
			};
			buildConfigurationList = 7095434D28CA29DD0030055A /* Build configuration list for PBXProject "TodoList" */;
			compatibilityVersion = "Xcode 13.0";
			developmentRegion = en;
			hasScannedForEncodings = 0;
			knownRegions = (
				en,
				Base,
			);
			mainGroup = 7095434928CA29DD0030055A;
			productRefGroup = 7095435328CA29DD0030055A /* Products */;
			projectDirPath = "";
			projectRoot = "";
			targets = (
				7095435128CA29DD0030055A /* TodoList */,
			);
		};
/* End PBXProject section */

/* Begin PBXResourcesBuildPhase section */
		7095435028CA29DD0030055A /* Resources */ = {
			isa = PBXResourcesBuildPhase;
			buildActionMask = 2147483647;
			files = (
				7095436528CA29DE0030055A /* LaunchScreen.storyboard in Resources */,
				7095436228CA29DE0030055A /* Assets.xcassets in Resources */,
				7095435D28CA29DD0030055A /* Main.storyboard in Resources */,
			);
			runOnlyForDeploymentPostprocessing = 0;
		};
/* End PBXResourcesBuildPhase section */

/* Begin PBXSourcesBuildPhase section */
		7095434E28CA29DD0030055A /* Sources */ = {
			isa = PBXSourcesBuildPhase;
			buildActionMask = 2147483647;
			files = (
				7095437328CA2BF20030055A /* MemoDataModel+CoreDataClass.swift in Sources */,
				7095437428CA2BF20030055A /* MemoDataModel+CoreDataProperties.swift in Sources */,
				7095435A28CA29DD0030055A /* ViewController.swift in Sources */,
				7095435628CA29DD0030055A /* AppDelegate.swift in Sources */,
				70D6A4B028CCBAFC00499DE9 /* MemoViewController.swift in Sources */,
				7095435828CA29DD0030055A /* SceneDelegate.swift in Sources */,
				701E1F9D28D20B2200AD8AE7 /* CoreDataManager.swift in Sources */,
				70133BCF28DB39C200D44660 /* BackgroundColorHelper.swift in Sources */,
				7095436028CA29DD0030055A /* TodoList.xcdatamodeld in Sources */,
				70133BD128DB3A9800D44660 /* Extensions.swift in Sources */,
				70D6A4B228CCBD1500499DE9 /* TodoCell.swift in Sources */,
			);
			runOnlyForDeploymentPostprocessing = 0;
		};
/* End PBXSourcesBuildPhase section */

/* Begin PBXVariantGroup section */
		7095435B28CA29DD0030055A /* Main.storyboard */ = {
			isa = PBXVariantGroup;
			children = (
				7095435C28CA29DD0030055A /* Base */,
			);
			name = Main.storyboard;
			sourceTree = "<group>";
		};
		7095436328CA29DE0030055A /* LaunchScreen.storyboard */ = {
			isa = PBXVariantGroup;
			children = (
				7095436428CA29DE0030055A /* Base */,
			);
			name = LaunchScreen.storyboard;
			sourceTree = "<group>";
		};
/* End PBXVariantGroup section */

/* Begin XCBuildConfiguration section */
		7095436728CA29DE0030055A /* Debug */ = {
			isa = XCBuildConfiguration;
			buildSettings = {
				ALWAYS_SEARCH_USER_PATHS = NO;
				CLANG_ANALYZER_NONNULL = YES;
				CLANG_ANALYZER_NUMBER_OBJECT_CONVERSION = YES_AGGRESSIVE;
				CLANG_CXX_LANGUAGE_STANDARD = "gnu++17";
				CLANG_ENABLE_MODULES = YES;
				CLANG_ENABLE_OBJC_ARC = YES;
				CLANG_ENABLE_OBJC_WEAK = YES;
				CLANG_WARN_BLOCK_CAPTURE_AUTORELEASING = YES;
				CLANG_WARN_BOOL_CONVERSION = YES;
				CLANG_WARN_COMMA = YES;
				CLANG_WARN_CONSTANT_CONVERSION = YES;
				CLANG_WARN_DEPRECATED_OBJC_IMPLEMENTATIONS = YES;
				CLANG_WARN_DIRECT_OBJC_ISA_USAGE = YES_ERROR;
				CLANG_WARN_DOCUMENTATION_COMMENTS = YES;
				CLANG_WARN_EMPTY_BODY = YES;
				CLANG_WARN_ENUM_CONVERSION = YES;
				CLANG_WARN_INFINITE_RECURSION = YES;
				CLANG_WARN_INT_CONVERSION = YES;
				CLANG_WARN_NON_LITERAL_NULL_CONVERSION = YES;
				CLANG_WARN_OBJC_IMPLICIT_RETAIN_SELF = YES;
				CLANG_WARN_OBJC_LITERAL_CONVERSION = YES;
				CLANG_WARN_OBJC_ROOT_CLASS = YES_ERROR;
				CLANG_WARN_QUOTED_INCLUDE_IN_FRAMEWORK_HEADER = YES;
				CLANG_WARN_RANGE_LOOP_ANALYSIS = YES;
				CLANG_WARN_STRICT_PROTOTYPES = YES;
				CLANG_WARN_SUSPICIOUS_MOVE = YES;
				CLANG_WARN_UNGUARDED_AVAILABILITY = YES_AGGRESSIVE;
				CLANG_WARN_UNREACHABLE_CODE = YES;
				CLANG_WARN__DUPLICATE_METHOD_MATCH = YES;
				COPY_PHASE_STRIP = NO;
				DEBUG_INFORMATION_FORMAT = dwarf;
				ENABLE_STRICT_OBJC_MSGSEND = YES;
				ENABLE_TESTABILITY = YES;
				GCC_C_LANGUAGE_STANDARD = gnu11;
				GCC_DYNAMIC_NO_PIC = NO;
				GCC_NO_COMMON_BLOCKS = YES;
				GCC_OPTIMIZATION_LEVEL = 0;
				GCC_PREPROCESSOR_DEFINITIONS = (
					"DEBUG=1",
					"$(inherited)",
				);
				GCC_WARN_64_TO_32_BIT_CONVERSION = YES;
				GCC_WARN_ABOUT_RETURN_TYPE = YES_ERROR;
				GCC_WARN_UNDECLARED_SELECTOR = YES;
				GCC_WARN_UNINITIALIZED_AUTOS = YES_AGGRESSIVE;
				GCC_WARN_UNUSED_FUNCTION = YES;
				GCC_WARN_UNUSED_VARIABLE = YES;
				IPHONEOS_DEPLOYMENT_TARGET = 15.5;
				MTL_ENABLE_DEBUG_INFO = INCLUDE_SOURCE;
				MTL_FAST_MATH = YES;
				ONLY_ACTIVE_ARCH = YES;
				SDKROOT = iphoneos;
				SWIFT_ACTIVE_COMPILATION_CONDITIONS = DEBUG;
				SWIFT_OPTIMIZATION_LEVEL = "-Onone";
			};
			name = Debug;
		};
		7095436828CA29DE0030055A /* Release */ = {
			isa = XCBuildConfiguration;
			buildSettings = {
				ALWAYS_SEARCH_USER_PATHS = NO;
				CLANG_ANALYZER_NONNULL = YES;
				CLANG_ANALYZER_NUMBER_OBJECT_CONVERSION = YES_AGGRESSIVE;
				CLANG_CXX_LANGUAGE_STANDARD = "gnu++17";
				CLANG_ENABLE_MODULES = YES;
				CLANG_ENABLE_OBJC_ARC = YES;
				CLANG_ENABLE_OBJC_WEAK = YES;
				CLANG_WARN_BLOCK_CAPTURE_AUTORELEASING = YES;
				CLANG_WARN_BOOL_CONVERSION = YES;
				CLANG_WARN_COMMA = YES;
				CLANG_WARN_CONSTANT_CONVERSION = YES;
				CLANG_WARN_DEPRECATED_OBJC_IMPLEMENTATIONS = YES;
				CLANG_WARN_DIRECT_OBJC_ISA_USAGE = YES_ERROR;
				CLANG_WARN_DOCUMENTATION_COMMENTS = YES;
				CLANG_WARN_EMPTY_BODY = YES;
				CLANG_WARN_ENUM_CONVERSION = YES;
				CLANG_WARN_INFINITE_RECURSION = YES;
				CLANG_WARN_INT_CONVERSION = YES;
				CLANG_WARN_NON_LITERAL_NULL_CONVERSION = YES;
				CLANG_WARN_OBJC_IMPLICIT_RETAIN_SELF = YES;
				CLANG_WARN_OBJC_LITERAL_CONVERSION = YES;
				CLANG_WARN_OBJC_ROOT_CLASS = YES_ERROR;
				CLANG_WARN_QUOTED_INCLUDE_IN_FRAMEWORK_HEADER = YES;
				CLANG_WARN_RANGE_LOOP_ANALYSIS = YES;
				CLANG_WARN_STRICT_PROTOTYPES = YES;
				CLANG_WARN_SUSPICIOUS_MOVE = YES;
				CLANG_WARN_UNGUARDED_AVAILABILITY = YES_AGGRESSIVE;
				CLANG_WARN_UNREACHABLE_CODE = YES;
				CLANG_WARN__DUPLICATE_METHOD_MATCH = YES;
				COPY_PHASE_STRIP = NO;
				DEBUG_INFORMATION_FORMAT = "dwarf-with-dsym";
				ENABLE_NS_ASSERTIONS = NO;
				ENABLE_STRICT_OBJC_MSGSEND = YES;
				GCC_C_LANGUAGE_STANDARD = gnu11;
				GCC_NO_COMMON_BLOCKS = YES;
				GCC_WARN_64_TO_32_BIT_CONVERSION = YES;
				GCC_WARN_ABOUT_RETURN_TYPE = YES_ERROR;
				GCC_WARN_UNDECLARED_SELECTOR = YES;
				GCC_WARN_UNINITIALIZED_AUTOS = YES_AGGRESSIVE;
				GCC_WARN_UNUSED_FUNCTION = YES;
				GCC_WARN_UNUSED_VARIABLE = YES;
				IPHONEOS_DEPLOYMENT_TARGET = 15.5;
				MTL_ENABLE_DEBUG_INFO = NO;
				MTL_FAST_MATH = YES;
				SDKROOT = iphoneos;
				SWIFT_COMPILATION_MODE = wholemodule;
				SWIFT_OPTIMIZATION_LEVEL = "-O";
				VALIDATE_PRODUCT = YES;
			};
			name = Release;
		};
		7095436A28CA29DE0030055A /* Debug */ = {
			isa = XCBuildConfiguration;
			buildSettings = {
				ASSETCATALOG_COMPILER_APPICON_NAME = AppIcon;
				ASSETCATALOG_COMPILER_GLOBAL_ACCENT_COLOR_NAME = AccentColor;
				CODE_SIGN_STYLE = Automatic;
				CURRENT_PROJECT_VERSION = 1;
				DEVELOPMENT_TEAM = 67M6ZS7KS6;
				GENERATE_INFOPLIST_FILE = YES;
				INFOPLIST_FILE = TodoList/Info.plist;
				INFOPLIST_KEY_UIApplicationSupportsIndirectInputEvents = YES;
				INFOPLIST_KEY_UILaunchStoryboardName = LaunchScreen;
				INFOPLIST_KEY_UIMainStoryboardFile = Main;
				INFOPLIST_KEY_UISupportedInterfaceOrientations_iPad = "UIInterfaceOrientationPortrait UIInterfaceOrientationPortraitUpsideDown UIInterfaceOrientationLandscapeLeft UIInterfaceOrientationLandscapeRight";
				INFOPLIST_KEY_UISupportedInterfaceOrientations_iPhone = "UIInterfaceOrientationPortrait UIInterfaceOrientationLandscapeLeft UIInterfaceOrientationLandscapeRight";
				IPHONEOS_DEPLOYMENT_TARGET = 13.0;
				LD_RUNPATH_SEARCH_PATHS = (
					"$(inherited)",
					"@executable_path/Frameworks",
				);
				MARKETING_VERSION = 1.0;
				PRODUCT_BUNDLE_IDENTIFIER = Valse.TodoList;
				PRODUCT_NAME = "$(TARGET_NAME)";
				SWIFT_EMIT_LOC_STRINGS = YES;
				SWIFT_VERSION = 5.0;
				TARGETED_DEVICE_FAMILY = 1;
			};
			name = Debug;
		};
		7095436B28CA29DE0030055A /* Release */ = {
			isa = XCBuildConfiguration;
			buildSettings = {
				ASSETCATALOG_COMPILER_APPICON_NAME = AppIcon;
				ASSETCATALOG_COMPILER_GLOBAL_ACCENT_COLOR_NAME = AccentColor;
				CODE_SIGN_STYLE = Automatic;
				CURRENT_PROJECT_VERSION = 1;
				DEVELOPMENT_TEAM = 67M6ZS7KS6;
				GENERATE_INFOPLIST_FILE = YES;
				INFOPLIST_FILE = TodoList/Info.plist;
				INFOPLIST_KEY_UIApplicationSupportsIndirectInputEvents = YES;
				INFOPLIST_KEY_UILaunchStoryboardName = LaunchScreen;
				INFOPLIST_KEY_UIMainStoryboardFile = Main;
				INFOPLIST_KEY_UISupportedInterfaceOrientations_iPad = "UIInterfaceOrientationPortrait UIInterfaceOrientationPortraitUpsideDown UIInterfaceOrientationLandscapeLeft UIInterfaceOrientationLandscapeRight";
				INFOPLIST_KEY_UISupportedInterfaceOrientations_iPhone = "UIInterfaceOrientationPortrait UIInterfaceOrientationLandscapeLeft UIInterfaceOrientationLandscapeRight";
				IPHONEOS_DEPLOYMENT_TARGET = 13.0;
				LD_RUNPATH_SEARCH_PATHS = (
					"$(inherited)",
					"@executable_path/Frameworks",
				);
				MARKETING_VERSION = 1.0;
				PRODUCT_BUNDLE_IDENTIFIER = Valse.TodoList;
				PRODUCT_NAME = "$(TARGET_NAME)";
				SWIFT_EMIT_LOC_STRINGS = YES;
				SWIFT_VERSION = 5.0;
				TARGETED_DEVICE_FAMILY = 1;
			};
			name = Release;
		};
/* End XCBuildConfiguration section */

/* Begin XCConfigurationList section */
		7095434D28CA29DD0030055A /* Build configuration list for PBXProject "TodoList" */ = {
			isa = XCConfigurationList;
			buildConfigurations = (
				7095436728CA29DE0030055A /* Debug */,
				7095436828CA29DE0030055A /* Release */,
			);
			defaultConfigurationIsVisible = 0;
			defaultConfigurationName = Release;
		};
		7095436928CA29DE0030055A /* Build configuration list for PBXNativeTarget "TodoList" */ = {
			isa = XCConfigurationList;
			buildConfigurations = (
				7095436A28CA29DE0030055A /* Debug */,
				7095436B28CA29DE0030055A /* Release */,
			);
			defaultConfigurationIsVisible = 0;
			defaultConfigurationName = Release;
		};
/* End XCConfigurationList section */

/* Begin XCVersionGroup section */
		7095435E28CA29DD0030055A /* TodoList.xcdatamodeld */ = {
			isa = XCVersionGroup;
			children = (
				7095435F28CA29DD0030055A /* TodoList.xcdatamodel */,
			);
			currentVersion = 7095435F28CA29DD0030055A /* TodoList.xcdatamodel */;
			path = TodoList.xcdatamodeld;
			sourceTree = "<group>";
			versionGroupType = wrapper.xcdatamodel;
		};
/* End XCVersionGroup section */
	};
	rootObject = 7095434A28CA29DD0030055A /* Project object */;
}
